# This file is autogenerated, do not edit; changes may be undone by the next 'dep ensure'.


[[projects]]
  digest = "1:9afc639ef88d907f2e87ab68cbc63117b88d0d84238fd6b08224515d00a8136a"
  name = "github.com/alecthomas/gometalinter"
  packages = ["."]
  pruneopts = "UT"
  revision = "df395bfa67c5d0630d936c0044cf07ff05086655"
  version = "v3.0.0"

[[projects]]
  branch = "master"
  digest = "1:4be0754e8ae810a4cc3b41f0dda393d9d0e22f3589c9a81120e00c925deb4f9c"
  name = "github.com/alecthomas/units"
  packages = ["."]
  pruneopts = "UT"
  revision = "680d30ca31172657fa50e996eb82d790d1d8b96e"

[[projects]]
  digest = "1:7bd8b69b834619ba2748ae570f4b08acdc5b0f735d99f8b2fd52443908bc436a"
  name = "github.com/cweill/gotests"
  packages = [
    ".",
    "gotests",
    "gotests/process",
    "internal/goparser",
    "internal/input",
    "internal/models",
    "internal/output",
    "internal/render",
    "internal/render/bindata",
  ]
  pruneopts = "UT"
  revision = "893b5761d2ad1af5776fcb09e7faff817becb1d8"
  version = "v1.5.3"

[[projects]]
  digest = "1:ffe9824d294da03b391f44e1ae8281281b4afc1bdaa9588c9097785e3af10cec"
  name = "github.com/davecgh/go-spew"
  packages = ["spew"]
  pruneopts = "UT"
  revision = "8991bc29aa16c548c550c7ff78260e27b9ab7c73"
  version = "v1.1.1"

[[projects]]
  digest = "1:61a8ca58fee5891ccd5e9e0503d3cb0636fe15505a7b758d51fe38d38bfce32f"
  name = "github.com/go-redis/redis"
  packages = [
    ".",
    "internal",
    "internal/consistenthash",
    "internal/hashtag",
    "internal/pool",
    "internal/proto",
    "internal/util",
  ]
  pruneopts = "UT"
  revision = "17c058513b3e03c5e23136c18582fdd8ac8a3645"
  version = "v6.15.5"

[[projects]]
  digest = "1:586ea76dbd0374d6fb649a91d70d652b7fe0ccffb8910a77468e7702e7901f3d"
  name = "github.com/go-stack/stack"
  packages = ["."]
  pruneopts = "UT"
  revision = "2fee6af1a9795aafbe0253a0cfbdf668e1fb8a9a"
  version = "v1.8.0"

[[projects]]
  branch = "master"
  digest = "1:700b1e527116332847452edf9febc0c252c026785a8c3cfa3f68a8eeffb09ee8"
  name = "github.com/golang/snappy"
  packages = ["."]
  pruneopts = "UT"
  revision = "ff6b7dc882cf4cfba7ee0b9f7dcc1ac096c554aa"

[[projects]]
  branch = "master"
  digest = "1:473e7c5cbc58c538bce66e0ca2a033d31a3e7d9c6d5d96c6df1657b588bddac3"
  name = "github.com/google/shlex"
  packages = ["."]
  pruneopts = "UT"
  revision = "c34317bd91bf98fab745d77b03933cf8769299fe"

[[projects]]
  digest = "1:582b704bebaa06b48c29b0cec224a6058a09c86883aaddabde889cd1a5f73e1b"
  name = "github.com/google/uuid"
  packages = ["."]
  pruneopts = "UT"
  revision = "0cd6bf5da1e1c83f8b45653022c74f71af0538a4"
  version = "v1.1.1"

[[projects]]
  digest = "1:7157fd3f337f20f9058789e47f3341ae5cb77081fa01c1d678af5a03afea6f3e"
  name = "github.com/nicksnyder/go-i18n"
  packages = [
    "i18n",
    "i18n/bundle",
    "i18n/language",
    "i18n/translation",
  ]
  pruneopts = "UT"
  revision = "3c6ee9071cf061f4b0101e14412f74d6e7a8ada6"
  version = "v2.0.0"

[[projects]]
  digest = "1:93131d8002d7025da13582877c32d1fc302486775a1b06f62241741006428c5e"
  name = "github.com/pelletier/go-toml"
  packages = ["."]
  pruneopts = "UT"
  revision = "728039f679cbcd4f6a54e080d2219a4c4928c546"
  version = "v1.4.0"

[[projects]]
  digest = "1:cf31692c14422fa27c83a05292eb5cbe0fb2775972e8f1f8446a71549bd8980b"
  name = "github.com/pkg/errors"
  packages = ["."]
  pruneopts = "UT"
  revision = "ba968bfe8b2f7e042a574c888954fccecfa385b4"
  version = "v0.8.1"

[[projects]]
  digest = "1:0028cb19b2e4c3112225cd871870f2d9cf49b9b4276531f03438a88e94be86fe"
  name = "github.com/pmezard/go-difflib"
  packages = ["difflib"]
  pruneopts = "UT"
  revision = "792786c7400a136282c1664665ae0a8db921c6c2"
  version = "v1.0.0"

[[projects]]
  digest = "1:ac83cf90d08b63ad5f7e020ef480d319ae890c208f8524622a2f3136e2686b02"
  name = "github.com/stretchr/objx"
  packages = ["."]
  pruneopts = "UT"
  revision = "477a77ecc69700c7cdeb1fa9e129548e1c1c393c"
  version = "v0.1.1"

[[projects]]
  digest = "1:86562a966508283e1ce3f6de0be5a7d813070271d6e14dc5af3cd5863fee03a4"
  name = "github.com/stretchr/testify"
  packages = [
    "assert",
    "mock",
    "require",
  ]
  pruneopts = "UT"
  revision = "221dbe5ed46703ee255b1da0dec05086f5035f62"
  version = "v1.4.0"

[[projects]]
  branch = "master"
  digest = "1:5ed88c68e8ff11e085ec406c214dbbd94ca2dd52143e00c8e86c78d880576188"
  name = "github.com/vektra/mockery"
  packages = [
    "cmd/mockery",
    "mockery",
  ]
  pruneopts = "UT"
  revision = "e78b021dcbb558a8e7ac1fc5bc757ad7c277bb81"

[[projects]]
  branch = "master"
  digest = "1:40fdfd6ab85ca32b6935853bbba35935dcb1d796c8135efd85947566c76e662e"
  name = "github.com/xdg/scram"
  packages = ["."]
  pruneopts = "UT"
  revision = "7eeb5667e42c09cb51bf7b7c28aea8c56767da90"

[[projects]]
  branch = "master"
  digest = "1:f5c1d04bc09c644c592b45b9f0bad4030521b1a7d11c7dadbb272d9439fa6e8e"
  name = "github.com/xdg/stringprep"
  packages = ["."]
  pruneopts = "UT"
  revision = "73f8eece6fdcd902c185bf651de50f3828bed5ed"

[[projects]]
  digest = "1:480e1343dcb5630d200dd23a08d3d81f76c7f938780cb616113c96d90aa37c9b"
  name = "go.mongodb.org/mongo-driver"
  packages = [
    "bson",
    "bson/bsoncodec",
    "bson/bsonrw",
    "bson/bsontype",
    "bson/primitive",
    "event",
    "internal",
    "mongo",
    "mongo/options",
    "mongo/readconcern",
    "mongo/readpref",
    "mongo/writeconcern",
    "tag",
    "version",
    "x/bsonx",
    "x/bsonx/bsoncore",
    "x/mongo/driver",
    "x/mongo/driver/address",
    "x/mongo/driver/auth",
    "x/mongo/driver/auth/internal/gssapi",
    "x/mongo/driver/connstring",
    "x/mongo/driver/description",
    "x/mongo/driver/dns",
    "x/mongo/driver/operation",
    "x/mongo/driver/session",
    "x/mongo/driver/topology",
    "x/mongo/driver/uuid",
    "x/mongo/driver/wiremessage",
  ]
  pruneopts = "UT"
  revision = "c520d023af0a89aec8b7f97717b52da270df2c38"
  version = "v1.1.1"

[[projects]]
  branch = "master"
  digest = "1:f92f6956e4059f6a3efc14924d2dd58ba90da25cc57fe07ae3779ef2f5e0c5f2"
  name = "golang.org/x/crypto"
  packages = ["pbkdf2"]
  pruneopts = "UT"
  revision = "88343688bb370571259f1a6c98274757b61e3bb1"

[[projects]]
  branch = "master"
  digest = "1:382bb5a7fb4034db3b6a2d19e5a4a6bcf52f4750530603c01ca18a172fa3089b"
  name = "golang.org/x/sync"
  packages = ["semaphore"]
  pruneopts = "UT"
  revision = "cd5d95a43a6e21273425c7ae415d3df9ea832eeb"

[[projects]]
  digest = "1:1093f2eb4b344996604f7d8b29a16c5b22ab9e1b25652140d3fede39f640d5cd"
  name = "golang.org/x/text"
  packages = [
    "internal/gen",
    "internal/triegen",
    "internal/ucd",
    "transform",
    "unicode/cldr",
    "unicode/norm",
  ]
  pruneopts = "UT"
  revision = "342b2e1fbaa52c93f31447ad2c6abc048c63e475"
  version = "v0.3.2"

[[projects]]
  branch = "master"
  digest = "1:4d07cfa65b1661b24c43340cb1b8f5721caef6216917f0c59aff23e498c5d7b3"
  name = "golang.org/x/tools"
  packages = [
    "go/ast/astutil",
    "go/gcexportdata",
    "go/internal/gcimporter",
    "go/internal/packagesdriver",
    "go/packages",
    "go/types/typeutil",
    "imports",
    "internal/fastwalk",
    "internal/gopathwalk",
    "internal/imports",
    "internal/module",
    "internal/semver",
  ]
  pruneopts = "UT"
  revision = "2dc213d980bc4ad623aefc805006b0864edeaac4"

[[projects]]
  branch = "v3-unstable"
  digest = "1:9e71973a6f518a213cbbfa8c24feab33046b2835684818cb6b2c9ea73e823639"
  name = "gopkg.in/alecthomas/kingpin.v3-unstable"
  packages = ["."]
  pruneopts = "UT"
  revision = "df19058c872cddcd279411d709047160e543a700"

[[projects]]
  digest = "1:4d2e5a73dc1500038e504a8d78b986630e3626dc027bc030ba5c75da257cdb96"
  name = "gopkg.in/yaml.v2"
  packages = ["."]
  pruneopts = "UT"
  revision = "51d6538a90f86fe93ac480b35f37b2be17fef232"
  version = "v2.2.2"

[solve-meta]
  analyzer-name = "dep"
  analyzer-version = 1
  input-imports = [
    "github.com/alecthomas/gometalinter",
    "github.com/cweill/gotests/gotests",
    "github.com/go-redis/redis",
    "github.com/google/uuid",
    "github.com/pkg/errors",
    "github.com/stretchr/testify/assert",
    "github.com/stretchr/testify/mock",
    "github.com/stretchr/testify/require",
    "github.com/vektra/mockery/cmd/mockery",
    "go.mongodb.org/mongo-driver/mongo",
  ]
  solver-name = "gps-cdcl"
  solver-version = 1
